<?xml version="1.0" encoding="utf-8"?>
<Project ToolsVersion="4.0" xmlns="http://schemas.microsoft.com/developer/msbuild/2003">
  <ItemGroup>
    <Filter Include="Resource Files">
      <UniqueIdentifier>{67DA6AB6-F800-4c08-8B7A-83BB121AAD01}</UniqueIdentifier>
      <Extensions>rc;ico;cur;bmp;dlg;rc2;rct;bin;rgs;gif;jpg;jpeg;jpe;resx;tiff;tif;png;wav;mfcribbon-ms</Extensions>
    </Filter>
    <Filter Include="Math">
      <UniqueIdentifier>{e873715a-331e-4d6c-abea-b8140fb8193e}</UniqueIdentifier>
    </Filter>
    <Filter Include="EntryPoint">
      <UniqueIdentifier>{f8583640-13eb-4abf-b0cb-797d3611bf7d}</UniqueIdentifier>
    </Filter>
    <Filter Include="Graphics">
      <UniqueIdentifier>{8965913b-fa91-4572-875b-b8ceae66c9d4}</UniqueIdentifier>
    </Filter>
    <Filter Include="Game">
      <UniqueIdentifier>{e379fda6-36eb-4af3-8c4f-3a8e2c003d03}</UniqueIdentifier>
    </Filter>
    <Filter Include="Graphics\Device">
      <UniqueIdentifier>{8a599fd1-2ea1-4d5a-a280-bdb35a3fa373}</UniqueIdentifier>
    </Filter>
    <Filter Include="Graphics\Buffer">
      <UniqueIdentifier>{ab132db9-63c9-4b9f-8ca3-b4bcd3122de2}</UniqueIdentifier>
    </Filter>
    <Filter Include="Geometry">
      <UniqueIdentifier>{3010a32c-7679-4aaa-bff9-b1970773cfd4}</UniqueIdentifier>
    </Filter>
    <Filter Include="Transform">
      <UniqueIdentifier>{14c26bf8-f6b9-4e4f-84ce-75bbb57f2a94}</UniqueIdentifier>
    </Filter>
    <Filter Include="Graphics\Resource">
      <UniqueIdentifier>{21395e72-c318-4e46-97fa-cdde004d8a85}</UniqueIdentifier>
    </Filter>
    <Filter Include="Utils">
      <UniqueIdentifier>{7257fc1b-b6c7-4aa5-bde9-8949e1a3ac8f}</UniqueIdentifier>
    </Filter>
    <Filter Include="Shaders">
      <UniqueIdentifier>{207c71f2-442e-42ce-aff0-6fc577d56311}</UniqueIdentifier>
    </Filter>
    <Filter Include="Environment">
      <UniqueIdentifier>{f90822c2-4b5d-406e-9362-ebef88726b8a}</UniqueIdentifier>
    </Filter>
    <Filter Include="Graphics\Resource\ShaderResource">
      <UniqueIdentifier>{b7247efe-729b-45c8-8dd1-f11259fff5cf}</UniqueIdentifier>
    </Filter>
    <Filter Include="Graphics\State">
      <UniqueIdentifier>{391c0340-d426-4b3b-9de7-b5db0cf76c8a}</UniqueIdentifier>
    </Filter>
    <Filter Include="Landscape">
      <UniqueIdentifier>{c6149347-1e6a-4218-b29e-763367e7a7b4}</UniqueIdentifier>
    </Filter>
    <Filter Include="Utils\ImGui">
      <UniqueIdentifier>{c72097c5-ffae-4c2d-ba54-b2029e5b8987}</UniqueIdentifier>
    </Filter>
    <Filter Include="Managers">
      <UniqueIdentifier>{eb8cc856-ca79-424b-bf31-2ff58b0d6510}</UniqueIdentifier>
    </Filter>
    <Filter Include="Scene">
      <UniqueIdentifier>{a45a0018-62f7-4215-9654-c76169201989}</UniqueIdentifier>
    </Filter>
    <Filter Include="Collider">
      <UniqueIdentifier>{d70fe33d-2aa6-48f8-9447-5846a70042dd}</UniqueIdentifier>
    </Filter>
    <Filter Include="Utils\PathFinding">
      <UniqueIdentifier>{566c6d54-8ea8-4f5b-9c4e-b0d9b3c73ad2}</UniqueIdentifier>
    </Filter>
    <Filter Include="Model">
      <UniqueIdentifier>{9700932e-88b0-4746-b6cb-2551e92afd45}</UniqueIdentifier>
    </Filter>
    <Filter Include="UI">
      <UniqueIdentifier>{a8926333-a5b4-4564-bdb1-c4796411d98f}</UniqueIdentifier>
    </Filter>
    <Filter Include="GameObject">
      <UniqueIdentifier>{fa731200-974d-426d-8cbb-468f5f927359}</UniqueIdentifier>
    </Filter>
  </ItemGroup>
  <ItemGroup>
    <ClInclude Include="SimpleMath.h">
      <Filter>Math</Filter>
    </ClInclude>
    <ClInclude Include="Client.h">
      <Filter>EntryPoint</Filter>
    </ClInclude>
    <ClInclude Include="Game.h">
      <Filter>Game</Filter>
    </ClInclude>
    <ClInclude Include="pch.h">
      <Filter>EntryPoint</Filter>
    </ClInclude>
    <ClInclude Include="targetver.h">
      <Filter>EntryPoint</Filter>
    </ClInclude>
    <ClInclude Include="Resource.h">
      <Filter>EntryPoint</Filter>
    </ClInclude>
    <ClInclude Include="Device.h">
      <Filter>Graphics\Device</Filter>
    </ClInclude>
    <ClInclude Include="VertexBuffer.h">
      <Filter>Graphics\Buffer</Filter>
    </ClInclude>
    <ClInclude Include="IndexBuffer.h">
      <Filter>Graphics\Buffer</Filter>
    </ClInclude>
    <ClInclude Include="VertexLayouts.h">
      <Filter>Graphics\Buffer</Filter>
    </ClInclude>
    <ClInclude Include="Transform.h">
      <Filter>Transform</Filter>
    </ClInclude>
    <ClInclude Include="ConstBuffer.h">
      <Filter>Graphics\Buffer</Filter>
    </ClInclude>
    <ClInclude Include="GlobalBuffers.h">
      <Filter>Graphics\Buffer</Filter>
    </ClInclude>
    <ClInclude Include="Material.h">
      <Filter>Graphics\Resource</Filter>
    </ClInclude>
    <ClInclude Include="Utility.h">
      <Filter>Utils</Filter>
    </ClInclude>
    <ClInclude Include="Texture.h">
      <Filter>Graphics\Resource</Filter>
    </ClInclude>
    <ClInclude Include="Mesh.h">
      <Filter>Graphics\Resource</Filter>
    </ClInclude>
    <ClInclude Include="Environment.h">
      <Filter>Environment</Filter>
    </ClInclude>
    <ClInclude Include="ComputeShader.h">
      <Filter>Graphics\Resource\ShaderResource</Filter>
    </ClInclude>
    <ClInclude Include="DomainShader.h">
      <Filter>Graphics\Resource\ShaderResource</Filter>
    </ClInclude>
    <ClInclude Include="GeometryShader.h">
      <Filter>Graphics\Resource\ShaderResource</Filter>
    </ClInclude>
    <ClInclude Include="HullShader.h">
      <Filter>Graphics\Resource\ShaderResource</Filter>
    </ClInclude>
    <ClInclude Include="PixelShader.h">
      <Filter>Graphics\Resource\ShaderResource</Filter>
    </ClInclude>
    <ClInclude Include="Shader.h">
      <Filter>Graphics\Resource\ShaderResource</Filter>
    </ClInclude>
    <ClInclude Include="VertexShader.h">
      <Filter>Graphics\Resource\ShaderResource</Filter>
    </ClInclude>
    <ClInclude Include="Cube.h">
      <Filter>Geometry</Filter>
    </ClInclude>
    <ClInclude Include="SamplerState.h">
      <Filter>Graphics\State</Filter>
    </ClInclude>
    <ClInclude Include="Timer.h">
      <Filter>Managers</Filter>
    </ClInclude>
    <ClInclude Include="Input.h">
      <Filter>Managers</Filter>
    </ClInclude>
    <ClInclude Include="Font.h">
      <Filter>Managers</Filter>
    </ClInclude>
    <ClInclude Include="Sphere.h">
      <Filter>Geometry</Filter>
    </ClInclude>
    <ClInclude Include="ModelReader.h">
      <Filter>Model</Filter>
    </ClInclude>
    <ClInclude Include="ModelExporter.h">
      <Filter>Model</Filter>
    </ClInclude>
    <ClInclude Include="ModelType.h">
      <Filter>Model</Filter>
    </ClInclude>
    <ClInclude Include="tinyxml2.h">
      <Filter>Utils</Filter>
    </ClInclude>
    <ClInclude Include="BinaryReader.h">
      <Filter>Utils</Filter>
    </ClInclude>
    <ClInclude Include="BinaryWriter.h">
      <Filter>Utils</Filter>
    </ClInclude>
    <ClInclude Include="ModelMesh.h">
      <Filter>Model</Filter>
    </ClInclude>
    <ClInclude Include="Model.h">
      <Filter>Model</Filter>
    </ClInclude>
    <ClInclude Include="ModelObject.h">
      <Filter>GameObject</Filter>
    </ClInclude>
    <ClInclude Include="ModelAnimator.h">
      <Filter>Model</Filter>
    </ClInclude>
    <ClInclude Include="ModelClip.h">
      <Filter>Model</Filter>
    </ClInclude>
    <ClInclude Include="Player.h">
      <Filter>GameObject</Filter>
    </ClInclude>
    <ClInclude Include="TerrainEditor.h">
      <Filter>Landscape</Filter>
    </ClInclude>
    <ClInclude Include="Camera.h">
      <Filter>Environment</Filter>
    </ClInclude>
    <ClInclude Include="Terrain.h">
      <Filter>Landscape</Filter>
    </ClInclude>
    <ClInclude Include="StructuredBuffer.h">
      <Filter>Graphics\Buffer</Filter>
    </ClInclude>
    <ClInclude Include="imconfig.h">
      <Filter>Utils\ImGui</Filter>
    </ClInclude>
    <ClInclude Include="imgui.h">
      <Filter>Utils\ImGui</Filter>
    </ClInclude>
    <ClInclude Include="imgui_impl_dx11.h">
      <Filter>Utils\ImGui</Filter>
    </ClInclude>
    <ClInclude Include="imgui_impl_win32.h">
      <Filter>Utils\ImGui</Filter>
    </ClInclude>
    <ClInclude Include="imgui_internal.h">
      <Filter>Utils\ImGui</Filter>
    </ClInclude>
    <ClInclude Include="ImGuiFileDialog.h">
      <Filter>Utils\ImGui</Filter>
    </ClInclude>
    <ClInclude Include="ImGuiFileDialogConfig.h">
      <Filter>Utils\ImGui</Filter>
    </ClInclude>
    <ClInclude Include="imstb_rectpack.h">
      <Filter>Utils\ImGui</Filter>
    </ClInclude>
    <ClInclude Include="imstb_textedit.h">
      <Filter>Utils\ImGui</Filter>
    </ClInclude>
    <ClInclude Include="imstb_truetype.h">
      <Filter>Utils\ImGui</Filter>
    </ClInclude>
    <ClInclude Include="dirent.h">
      <Filter>Utils\ImGui</Filter>
    </ClInclude>
    <ClInclude Include="SceneManager.h">
      <Filter>Managers</Filter>
    </ClInclude>
    <ClInclude Include="Scene.h">
      <Filter>Scene</Filter>
    </ClInclude>
    <ClInclude Include="MapEditorScene.h">
      <Filter>Scene</Filter>
    </ClInclude>
    <ClInclude Include="InGameScene.h">
      <Filter>Scene</Filter>
    </ClInclude>
    <ClInclude Include="SphereCollider.h">
      <Filter>Collider</Filter>
    </ClInclude>
    <ClInclude Include="SquareCollider.h">
      <Filter>Collider</Filter>
    </ClInclude>
    <ClInclude Include="BoxCollider.h">
      <Filter>Collider</Filter>
    </ClInclude>
    <ClInclude Include="CapsuleCollider.h">
      <Filter>Collider</Filter>
    </ClInclude>
    <ClInclude Include="Collider.h">
      <Filter>Collider</Filter>
    </ClInclude>
    <ClInclude Include="ModelAnimators.h">
      <Filter>Model</Filter>
    </ClInclude>
    <ClInclude Include="ModelExportScene.h">
      <Filter>Scene</Filter>
    </ClInclude>
    <ClInclude Include="Enemy.h">
      <Filter>GameObject</Filter>
    </ClInclude>
    <ClInclude Include="Heap.h">
      <Filter>Utils\PathFinding</Filter>
    </ClInclude>
    <ClInclude Include="Node.h">
      <Filter>Utils\PathFinding</Filter>
    </ClInclude>
    <ClInclude Include="AStar.h">
      <Filter>Utils\PathFinding</Filter>
    </ClInclude>
    <ClInclude Include="Field.h">
      <Filter>GameObject</Filter>
    </ClInclude>
    <ClInclude Include="FieldWall.h">
      <Filter>GameObject</Filter>
    </ClInclude>
    <ClInclude Include="ImGuizmo.h">
      <Filter>Utils\ImGui</Filter>
    </ClInclude>
    <ClInclude Include="NavMesh.h">
      <Filter>Utils\PathFinding</Filter>
    </ClInclude>
    <ClInclude Include="NavMeshScene.h">
      <Filter>Scene</Filter>
    </ClInclude>
    <ClInclude Include="RasterizerState.h">
      <Filter>Graphics\State</Filter>
    </ClInclude>
    <ClInclude Include="UIImage.h">
      <Filter>UI</Filter>
    </ClInclude>
    <ClInclude Include="DepthStencilState.h">
      <Filter>Graphics\State</Filter>
    </ClInclude>
    <ClInclude Include="MenuScene.h">
      <Filter>Scene</Filter>
    </ClInclude>
    <ClInclude Include="UIButton.h">
      <Filter>UI</Filter>
    </ClInclude>
    <ClInclude Include="RenderTarget.h">
      <Filter>Graphics\Device</Filter>
    </ClInclude>
  </ItemGroup>
  <ItemGroup>
    <ResourceCompile Include="Client.rc">
      <Filter>Resource Files</Filter>
    </ResourceCompile>
  </ItemGroup>
  <ItemGroup>
    <Image Include="small.ico">
      <Filter>Resource Files</Filter>
    </Image>
    <Image Include="Client.ico">
      <Filter>Resource Files</Filter>
    </Image>
  </ItemGroup>
  <ItemGroup>
    <ClCompile Include="SimpleMath.cpp">
      <Filter>Math</Filter>
    </ClCompile>
    <ClCompile Include="Client.cpp">
      <Filter>EntryPoint</Filter>
    </ClCompile>
    <ClCompile Include="Game.cpp">
      <Filter>Game</Filter>
    </ClCompile>
    <ClCompile Include="pch.cpp">
      <Filter>EntryPoint</Filter>
    </ClCompile>
    <ClCompile Include="Device.cpp">
      <Filter>Graphics\Device</Filter>
    </ClCompile>
    <ClCompile Include="VertexBuffer.cpp">
      <Filter>Graphics\Buffer</Filter>
    </ClCompile>
    <ClCompile Include="IndexBuffer.cpp">
      <Filter>Graphics\Buffer</Filter>
    </ClCompile>
    <ClCompile Include="VertexLayouts.cpp">
      <Filter>Graphics\Buffer</Filter>
    </ClCompile>
    <ClCompile Include="Transform.cpp">
      <Filter>Transform</Filter>
    </ClCompile>
    <ClCompile Include="ConstBuffer.cpp">
      <Filter>Graphics\Buffer</Filter>
    </ClCompile>
    <ClCompile Include="GlobalBuffers.cpp">
      <Filter>Graphics\Buffer</Filter>
    </ClCompile>
    <ClCompile Include="Material.cpp">
      <Filter>Graphics\Resource</Filter>
    </ClCompile>
    <ClCompile Include="Utility.cpp">
      <Filter>Utils</Filter>
    </ClCompile>
    <ClCompile Include="Texture.cpp">
      <Filter>Graphics\Resource</Filter>
    </ClCompile>
    <ClCompile Include="Mesh.cpp">
      <Filter>Graphics\Resource</Filter>
    </ClCompile>
    <ClCompile Include="Environment.cpp">
      <Filter>Environment</Filter>
    </ClCompile>
    <ClCompile Include="ComputeShader.cpp">
      <Filter>Graphics\Resource\ShaderResource</Filter>
    </ClCompile>
    <ClCompile Include="DomainShader.cpp">
      <Filter>Graphics\Resource\ShaderResource</Filter>
    </ClCompile>
    <ClCompile Include="GeometryShader.cpp">
      <Filter>Graphics\Resource\ShaderResource</Filter>
    </ClCompile>
    <ClCompile Include="HullShader.cpp">
      <Filter>Graphics\Resource\ShaderResource</Filter>
    </ClCompile>
    <ClCompile Include="PixelShader.cpp">
      <Filter>Graphics\Resource\ShaderResource</Filter>
    </ClCompile>
    <ClCompile Include="Shader.cpp">
      <Filter>Graphics\Resource\ShaderResource</Filter>
    </ClCompile>
    <ClCompile Include="VertexShader.cpp">
      <Filter>Graphics\Resource\ShaderResource</Filter>
    </ClCompile>
    <ClCompile Include="Cube.cpp">
      <Filter>Geometry</Filter>
    </ClCompile>
    <ClCompile Include="SamplerState.cpp">
      <Filter>Graphics\State</Filter>
    </ClCompile>
    <ClCompile Include="Timer.cpp">
      <Filter>Managers</Filter>
    </ClCompile>
    <ClCompile Include="Input.cpp">
      <Filter>Managers</Filter>
    </ClCompile>
    <ClCompile Include="Font.cpp">
      <Filter>Managers</Filter>
    </ClCompile>
    <ClCompile Include="Sphere.cpp">
      <Filter>Geometry</Filter>
    </ClCompile>
    <ClCompile Include="ModelReader.cpp">
      <Filter>Model</Filter>
    </ClCompile>
    <ClCompile Include="ModelExporter.cpp">
      <Filter>Model</Filter>
    </ClCompile>
    <ClCompile Include="ModelType.cpp">
      <Filter>Model</Filter>
    </ClCompile>
    <ClCompile Include="tinyxml2.cpp">
      <Filter>Utils</Filter>
    </ClCompile>
    <ClCompile Include="BinaryReader.cpp">
      <Filter>Utils</Filter>
    </ClCompile>
    <ClCompile Include="BinaryWriter.cpp">
      <Filter>Utils</Filter>
    </ClCompile>
    <ClCompile Include="ModelMesh.cpp">
      <Filter>Model</Filter>
    </ClCompile>
    <ClCompile Include="Model.cpp">
      <Filter>Model</Filter>
    </ClCompile>
    <ClCompile Include="ModelObject.cpp">
      <Filter>GameObject</Filter>
    </ClCompile>
    <ClCompile Include="ModelAnimator.cpp">
      <Filter>Model</Filter>
    </ClCompile>
    <ClCompile Include="ModelClip.cpp">
      <Filter>Model</Filter>
    </ClCompile>
    <ClCompile Include="Player.cpp">
      <Filter>GameObject</Filter>
    </ClCompile>
    <ClCompile Include="TerrainEditor.cpp">
      <Filter>Landscape</Filter>
    </ClCompile>
    <ClCompile Include="Camera.cpp">
      <Filter>Environment</Filter>
    </ClCompile>
    <ClCompile Include="Terrain.cpp">
      <Filter>Landscape</Filter>
    </ClCompile>
    <ClCompile Include="StructuredBuffer.cpp">
      <Filter>Graphics\Buffer</Filter>
    </ClCompile>
    <ClCompile Include="imgui_demo.cpp">
      <Filter>Utils\ImGui</Filter>
    </ClCompile>
    <ClCompile Include="imgui_draw.cpp">
      <Filter>Utils\ImGui</Filter>
    </ClCompile>
    <ClCompile Include="imgui_impl_dx11.cpp">
      <Filter>Utils\ImGui</Filter>
    </ClCompile>
    <ClCompile Include="imgui_impl_win32.cpp">
      <Filter>Utils\ImGui</Filter>
    </ClCompile>
    <ClCompile Include="imgui_widgets.cpp">
      <Filter>Utils\ImGui</Filter>
    </ClCompile>
    <ClCompile Include="ImGuiFileDialog.cpp">
      <Filter>Utils\ImGui</Filter>
    </ClCompile>
    <ClCompile Include="imgui.cpp">
      <Filter>Utils\ImGui</Filter>
    </ClCompile>
    <ClCompile Include="SceneManager.cpp">
      <Filter>Managers</Filter>
    </ClCompile>
    <ClCompile Include="Scene.cpp">
      <Filter>Scene</Filter>
    </ClCompile>
    <ClCompile Include="MapEditorScene.cpp">
      <Filter>Scene</Filter>
    </ClCompile>
    <ClCompile Include="InGameScene.cpp">
      <Filter>Scene</Filter>
    </ClCompile>
    <ClCompile Include="SphereCollider.cpp">
      <Filter>Collider</Filter>
    </ClCompile>
    <ClCompile Include="SquareCollider.cpp">
      <Filter>Collider</Filter>
    </ClCompile>
    <ClCompile Include="BoxCollider.cpp">
      <Filter>Collider</Filter>
    </ClCompile>
    <ClCompile Include="CapsuleCollider.cpp">
      <Filter>Collider</Filter>
    </ClCompile>
    <ClCompile Include="Collider.cpp">
      <Filter>Collider</Filter>
    </ClCompile>
    <ClCompile Include="ModelAnimators.cpp">
      <Filter>Model</Filter>
    </ClCompile>
    <ClCompile Include="ModelExportScene.cpp">
      <Filter>Scene</Filter>
    </ClCompile>
    <ClCompile Include="Enemy.cpp">
      <Filter>GameObject</Filter>
    </ClCompile>
    <ClCompile Include="Node.cpp">
      <Filter>Utils\PathFinding</Filter>
    </ClCompile>
    <ClCompile Include="AStar.cpp">
      <Filter>Utils\PathFinding</Filter>
    </ClCompile>
    <ClCompile Include="Heap.cpp">
      <Filter>Utils\PathFinding</Filter>
    </ClCompile>
    <ClCompile Include="Field.cpp">
      <Filter>GameObject</Filter>
    </ClCompile>
    <ClCompile Include="FieldWall.cpp">
      <Filter>GameObject</Filter>
    </ClCompile>
    <ClCompile Include="ImGuizmo.cpp">
      <Filter>Utils\ImGui</Filter>
    </ClCompile>
    <ClCompile Include="NavMesh.cpp">
      <Filter>Utils\PathFinding</Filter>
    </ClCompile>
    <ClCompile Include="NavMeshScene.cpp">
      <Filter>Scene</Filter>
    </ClCompile>
    <ClCompile Include="RasterizerState.cpp">
      <Filter>Graphics\State</Filter>
    </ClCompile>
    <ClCompile Include="UIImage.cpp">
      <Filter>UI</Filter>
    </ClCompile>
    <ClCompile Include="DepthStencilState.cpp">
      <Filter>Graphics\State</Filter>
    </ClCompile>
    <ClCompile Include="MenuScene.cpp">
      <Filter>Scene</Filter>
    </ClCompile>
    <ClCompile Include="UIButton.cpp">
      <Filter>UI</Filter>
    </ClCompile>
    <ClCompile Include="RenderTarget.cpp">
      <Filter>Graphics\Device</Filter>
    </ClCompile>
  </ItemGroup>
  <ItemGroup>
    <None Include="SimpleMath.inl">
      <Filter>Math</Filter>
    </None>
    <None Include="..\Shaders\Common.hlsli">
      <Filter>Shaders</Filter>
    </None>
  </ItemGroup>
  <ItemGroup>
    <FxCompile Include="..\Shaders\Transform.hlsl">
      <Filter>Shaders</Filter>
    </FxCompile>
    <FxCompile Include="..\Shaders\Texture.hlsl">
      <Filter>Shaders</Filter>
    </FxCompile>
    <FxCompile Include="..\Shaders\Default.hlsl">
      <Filter>Shaders</Filter>
    </FxCompile>
    <FxCompile Include="..\Shaders\TerrainEditor.hlsl">
      <Filter>Shaders</Filter>
    </FxCompile>
    <FxCompile Include="..\Shaders\ComputePicking.hlsl">
      <Filter>Shaders</Filter>
    </FxCompile>
    <FxCompile Include="..\Shaders\Collider.hlsl">
      <Filter>Shaders</Filter>
    </FxCompile>
    <FxCompile Include="..\Shaders\Instancing.hlsl">
      <Filter>Shaders</Filter>
    </FxCompile>
    <FxCompile Include="..\Shaders\Terrain.hlsl">
      <Filter>Shaders</Filter>
    </FxCompile>
  </ItemGroup>
</Project>